{
  "nodes": {
    "flake-parts": {
      "inputs": {
        "nixpkgs-lib": [
          "nixvim",
          "nixpkgs"
        ]
      },
      "locked": {
        "lastModified": 1743550720,
        "narHash": "sha256-hIshGgKZCgWh6AYJpJmRgFdR3WUbkY04o82X05xqQiY=",
        "owner": "hercules-ci",
        "repo": "flake-parts",
        "rev": "c621e8422220273271f52058f618c94e405bb0f5",
        "type": "github"
      },
      "original": {
        "owner": "hercules-ci",
        "repo": "flake-parts",
        "type": "github"
      }
    },
    "flake-utils": {
      "locked": {
        "lastModified": 1681036252,
        "narHash": "sha256-Xi2mpgpKHtOI5m1Zg7XTjn+UU/4kDdoraNUNZG9Btso=",
        "owner": "numtide",
        "repo": "flake-utils",
        "rev": "13faa43c34c0c943585532dacbb457007416d50b",
        "type": "github"
      },
      "original": {
        "owner": "numtide",
        "repo": "flake-utils",
        "rev": "13faa43c34c0c943585532dacbb457007416d50b",
        "type": "github"
      }
    },
    "flake-utils_2": {
      "inputs": {
        "systems": "systems"
      },
      "locked": {
        "lastModified": 1731533236,
        "narHash": "sha256-l0KFg5HjrsfsO/JpG+r7fRrqm12kzFHyUHqHCVpMMbI=",
        "owner": "numtide",
        "repo": "flake-utils",
        "rev": "11707dc2f618dd54ca8739b309ec4fc024de578b",
        "type": "github"
      },
      "original": {
        "owner": "numtide",
        "repo": "flake-utils",
        "type": "github"
      }
    },
    "home-manager": {
      "inputs": {
        "nixpkgs": [
          "nixpkgs"
        ]
      },
      "locked": {
        "lastModified": 1744833442,
        "narHash": "sha256-BBMWW2m64Grcc5FlXz74+vdkUyCJOfUGnl+VcS/4x44=",
        "owner": "nix-community",
        "repo": "home-manager",
        "rev": "c6b75d69b6994ba68ec281bd36faebcc56097800",
        "type": "github"
      },
      "original": {
        "owner": "nix-community",
        "repo": "home-manager",
        "type": "github"
      }
    },
    "home-manager-secrets": {
      "inputs": {
        "lefthook": [
          "lefthook"
        ],
        "nixpkgs": [
          "nixpkgs"
        ]
      },
      "locked": {
        "lastModified": 1744208439,
        "narHash": "sha256-2Nos2djaufVzcwfJM8cCW5fEW6mQnBVnqJiCoNPFITA=",
        "owner": "sudosubin",
        "repo": "home-manager-secrets",
        "rev": "c6081807eb971924495860f3be1cd39411be2e7c",
        "type": "github"
      },
      "original": {
        "owner": "sudosubin",
        "repo": "home-manager-secrets",
        "type": "github"
      }
    },
    "ixx": {
      "inputs": {
        "flake-utils": [
          "nixvim",
          "nuschtosSearch",
          "flake-utils"
        ],
        "nixpkgs": [
          "nixvim",
          "nuschtosSearch",
          "nixpkgs"
        ]
      },
      "locked": {
        "lastModified": 1729958008,
        "narHash": "sha256-EiOq8jF4Z/zQe0QYVc3+qSKxRK//CFHMB84aYrYGwEs=",
        "owner": "NuschtOS",
        "repo": "ixx",
        "rev": "9fd01aad037f345350eab2cd45e1946cc66da4eb",
        "type": "github"
      },
      "original": {
        "owner": "NuschtOS",
        "ref": "v0.0.6",
        "repo": "ixx",
        "type": "github"
      }
    },
    "lefthook": {
      "inputs": {
        "nixpkgs": [
          "nixpkgs"
        ]
      },
      "locked": {
        "lastModified": 1744208625,
        "narHash": "sha256-TqQd0V5mYYWDzgys/ZT/Nxa1a90eQNPaTBowscVXs3Q=",
        "owner": "sudosubin",
        "repo": "lefthook.nix",
        "rev": "2ea799f59330cc02190f3cdb566f75ed844746ee",
        "type": "github"
      },
      "original": {
        "owner": "sudosubin",
        "repo": "lefthook.nix",
        "type": "github"
      }
    },
    "nix-chrome-extensions": {
      "inputs": {
        "nixpkgs": [
          "nixpkgs"
        ]
      },
      "locked": {
        "lastModified": 1744786194,
        "narHash": "sha256-JjYr2S1TjlY/Juop99+YbSr/zUrGSngw2+U8BehnA18=",
        "owner": "sudosubin",
        "repo": "nix-chrome-extensions",
        "rev": "53a6a272147749aed630e4160ad48ac4c91c8f10",
        "type": "github"
      },
      "original": {
        "owner": "sudosubin",
        "repo": "nix-chrome-extensions",
        "type": "github"
      }
    },
    "nix-darwin": {
      "inputs": {
        "nixpkgs": [
          "nixpkgs"
        ]
      },
      "locked": {
        "lastModified": 1744478979,
        "narHash": "sha256-dyN+teG9G82G+m+PX/aSAagkC+vUv0SgUw3XkPhQodQ=",
        "owner": "nix-darwin",
        "repo": "nix-darwin",
        "rev": "43975d782b418ebf4969e9ccba82466728c2851b",
        "type": "github"
      },
      "original": {
        "owner": "nix-darwin",
        "repo": "nix-darwin",
        "type": "github"
      }
    },
    "nix-vscode-extensions": {
      "inputs": {
        "flake-utils": [
          "flake-utils"
        ],
        "nixpkgs": [
          "nixpkgs"
        ]
      },
      "locked": {
        "lastModified": 1744856209,
        "narHash": "sha256-/BtMU85kGPAevugyT98NHmsKXCCTZ7AlZcipeHTW534=",
        "owner": "nix-community",
        "repo": "nix-vscode-extensions",
        "rev": "988752336503df4d2db2801c3b010f27fb634a47",
        "type": "github"
      },
      "original": {
        "owner": "nix-community",
        "repo": "nix-vscode-extensions",
        "type": "github"
      }
    },
    "nixos-config-private-daangn": {
      "locked": {
        "dir": "daangn",
        "lastModified": 1744208779,
        "narHash": "sha256-0DOiz2hCBeul9EGXeA2zY9SI88BmYSQvoIvHemnm9Kw=",
        "ref": "main",
        "rev": "0fd1074ebf75b73672007106ddbb49cc1f6af727",
        "shallow": true,
        "type": "git",
        "url": "ssh://git@github.com/sudosubin/nixos-config-private"
      },
      "original": {
        "dir": "daangn",
        "ref": "main",
        "shallow": true,
        "type": "git",
        "url": "ssh://git@github.com/sudosubin/nixos-config-private"
      }
    },
    "nixos-config-private-sudosubin": {
      "locked": {
        "dir": "sudosubin",
        "lastModified": 1744208779,
        "narHash": "sha256-0DOiz2hCBeul9EGXeA2zY9SI88BmYSQvoIvHemnm9Kw=",
        "ref": "main",
        "rev": "0fd1074ebf75b73672007106ddbb49cc1f6af727",
        "shallow": true,
        "type": "git",
        "url": "ssh://git@github.com/sudosubin/nixos-config-private"
      },
      "original": {
        "dir": "sudosubin",
        "ref": "main",
        "shallow": true,
        "type": "git",
        "url": "ssh://git@github.com/sudosubin/nixos-config-private"
      }
    },
    "nixos-hardware": {
      "locked": {
        "lastModified": 1744633460,
        "narHash": "sha256-fbWE4Xpw6eH0Q6in+ymNuDwTkqmFmtxcQEmtRuKDTTk=",
        "owner": "nixos",
        "repo": "nixos-hardware",
        "rev": "9a049b4a421076d27fee3eec664a18b2066824cb",
        "type": "github"
      },
      "original": {
        "owner": "nixos",
        "repo": "nixos-hardware",
        "type": "github"
      }
    },
    "nixpkgs": {
      "locked": {
        "lastModified": 1744863809,
        "narHash": "sha256-ftYNVwqXffcqveMsmXGi7DKxSYzcV8yHfX51d/Sqdq8=",
        "owner": "nixos",
        "repo": "nixpkgs",
        "rev": "dc0ac3e7c8380b7e12eeebc06dd10bc9cd164862",
        "type": "github"
      },
      "original": {
        "owner": "nixos",
        "ref": "nixos-unstable-small",
        "repo": "nixpkgs",
        "type": "github"
      }
    },
    "nixvim": {
      "inputs": {
        "flake-parts": "flake-parts",
        "nixpkgs": [
          "nixpkgs"
        ],
        "nuschtosSearch": "nuschtosSearch"
      },
      "locked": {
        "lastModified": 1744874965,
        "narHash": "sha256-eOnMgAWsjqOhGRoY9smkKlNQcCz9R89mgiKwLrCIYBE=",
        "owner": "nix-community",
        "repo": "nixvim",
        "rev": "500b56f023e0f095ffee2d4f79e58aa09e6b0719",
        "type": "github"
      },
      "original": {
        "owner": "nix-community",
        "repo": "nixvim",
        "type": "github"
      }
    },
    "nuschtosSearch": {
      "inputs": {
        "flake-utils": "flake-utils_2",
        "ixx": "ixx",
        "nixpkgs": [
          "nixvim",
          "nixpkgs"
        ]
      },
      "locked": {
        "lastModified": 1743683223,
        "narHash": "sha256-LdXtHFvhEC3S64dphap1pkkzwjErbW65eH1VRerCUT0=",
        "owner": "NuschtOS",
        "repo": "search",
        "rev": "56a49ffef2908dad1e9a8adef1f18802bc760962",
        "type": "github"
      },
      "original": {
        "owner": "NuschtOS",
        "repo": "search",
        "type": "github"
      }
    },
    "root": {
      "inputs": {
        "flake-utils": "flake-utils",
        "home-manager": "home-manager",
        "home-manager-secrets": "home-manager-secrets",
        "lefthook": "lefthook",
        "nix-chrome-extensions": "nix-chrome-extensions",
        "nix-darwin": "nix-darwin",
        "nix-vscode-extensions": "nix-vscode-extensions",
        "nixos-config-private-daangn": "nixos-config-private-daangn",
        "nixos-config-private-sudosubin": "nixos-config-private-sudosubin",
        "nixos-hardware": "nixos-hardware",
        "nixpkgs": "nixpkgs",
        "nixvim": "nixvim"
      }
    },
    "systems": {
      "locked": {
        "lastModified": 1681028828,
        "narHash": "sha256-Vy1rq5AaRuLzOxct8nz4T6wlgyUR7zLU309k9mBC768=",
        "owner": "nix-systems",
        "repo": "default",
        "rev": "da67096a3b9bf56a91d16901293e51ba5b49a27e",
        "type": "github"
      },
      "original": {
        "owner": "nix-systems",
        "repo": "default",
        "type": "github"
      }
    }
  },
  "root": "root",
  "version": 7
}
