{
  "nodes": {
    "darwin": {
      "inputs": {
        "nixpkgs": [
          "nixpkgs"
        ]
      },
      "locked": {
        "lastModified": 1645293039,
        "narHash": "sha256-PwdDu+SkX8dreeuJ/4av1sEluNZdrpdXv8JsRKKg1Yc=",
        "owner": "lnl7",
        "repo": "nix-darwin",
        "rev": "1df878b6f8351795a3bebfbe4fd2d02e1e8b29d6",
        "type": "github"
      },
      "original": {
        "owner": "lnl7",
        "repo": "nix-darwin",
        "type": "github"
      }
    },
    "flake-utils": {
      "locked": {
        "lastModified": 1644229661,
        "narHash": "sha256-1YdnJAsNy69bpcjuoKdOYQX0YxZBiCYZo4Twxerqv7k=",
        "owner": "numtide",
        "repo": "flake-utils",
        "rev": "3cecb5b042f7f209c56ffd8371b2711a290ec797",
        "type": "github"
      },
      "original": {
        "owner": "numtide",
        "repo": "flake-utils",
        "type": "github"
      }
    },
    "home-manager": {
      "inputs": {
        "nixpkgs": [
          "nixpkgs"
        ]
      },
      "locked": {
        "lastModified": 1645746341,
        "narHash": "sha256-j4fTWByYMGSSl0P7HEJQmbU/ifJtW25n/SoF6hgXN8c=",
        "owner": "nix-community",
        "repo": "home-manager",
        "rev": "650cfe60f31f3d27ba869bf7db12ca8ded5f1d74",
        "type": "github"
      },
      "original": {
        "owner": "nix-community",
        "repo": "home-manager",
        "type": "github"
      }
    },
    "home-manager-secrets": {
      "inputs": {
        "flake-utils": [
          "flake-utils"
        ],
        "nixpkgs": [
          "nixpkgs"
        ],
        "pre-commit-hooks": [
          "pre-commit-hooks"
        ]
      },
      "locked": {
        "lastModified": 1645276703,
        "narHash": "sha256-/0NRR8vxi9oMGyFtPBmK79rLhsyEQBiAaTkII+nZbYU=",
        "owner": "sudosubin",
        "repo": "home-manager-secrets",
        "rev": "b2ec9223fed819f8956c764d8ae29cb19837e1cf",
        "type": "github"
      },
      "original": {
        "owner": "sudosubin",
        "repo": "home-manager-secrets",
        "type": "github"
      }
    },
    "nixos-config-private-sudosubin": {
      "locked": {
        "dir": "sudosubin",
        "lastModified": 1645353919,
        "narHash": "sha256-Lbih55FJIDQeQ1E4d7SLt1y3T7vHp1yJzn8NSXaHm2U=",
        "ref": "main",
        "rev": "d9025a42a23972e56fae00e403b57153ee38c4cd",
        "revCount": 19,
        "type": "git",
        "url": "ssh://git@github.com/sudosubin/nixos-config-private?dir=sudosubin"
      },
      "original": {
        "dir": "sudosubin",
        "ref": "main",
        "type": "git",
        "url": "ssh://git@github.com/sudosubin/nixos-config-private?dir=sudosubin"
      }
    },
    "nixos-config-private-toss": {
      "locked": {
        "dir": "toss",
        "lastModified": 1645353919,
        "narHash": "sha256-Lbih55FJIDQeQ1E4d7SLt1y3T7vHp1yJzn8NSXaHm2U=",
        "ref": "main",
        "rev": "d9025a42a23972e56fae00e403b57153ee38c4cd",
        "revCount": 19,
        "type": "git",
        "url": "ssh://git@github.com/sudosubin/nixos-config-private?dir=toss"
      },
      "original": {
        "dir": "toss",
        "ref": "main",
        "type": "git",
        "url": "ssh://git@github.com/sudosubin/nixos-config-private?dir=toss"
      }
    },
    "nixpkgs": {
      "locked": {
        "lastModified": 1645623357,
        "narHash": "sha256-vAaI91QFn/kY/uMiebW+kG2mPmxirMSJWYtkqkBKdDc=",
        "owner": "nixos",
        "repo": "nixpkgs",
        "rev": "9222ae36b208d1c6b55d88e10aa68f969b5b5244",
        "type": "github"
      },
      "original": {
        "owner": "nixos",
        "ref": "nixpkgs-unstable",
        "repo": "nixpkgs",
        "type": "github"
      }
    },
    "pre-commit-hooks": {
      "inputs": {
        "flake-utils": [
          "flake-utils"
        ],
        "nixpkgs": [
          "nixpkgs"
        ]
      },
      "locked": {
        "lastModified": 1645781104,
        "narHash": "sha256-d5iDimTPC4r1hKFHAguCnkY9gPbieAIkApLUuYA+Xb4=",
        "owner": "cachix",
        "repo": "pre-commit-hooks.nix",
        "rev": "6799201bec19b753a4ac305a53d34371e497941e",
        "type": "github"
      },
      "original": {
        "owner": "cachix",
        "repo": "pre-commit-hooks.nix",
        "type": "github"
      }
    },
    "root": {
      "inputs": {
        "darwin": "darwin",
        "flake-utils": "flake-utils",
        "home-manager": "home-manager",
        "home-manager-secrets": "home-manager-secrets",
        "nixos-config-private-sudosubin": "nixos-config-private-sudosubin",
        "nixos-config-private-toss": "nixos-config-private-toss",
        "nixpkgs": "nixpkgs",
        "pre-commit-hooks": "pre-commit-hooks"
      }
    }
  },
  "root": "root",
  "version": 7
}
