{
  "nodes": {
    "darwin": {
      "inputs": {
        "nixpkgs": [
          "nixpkgs"
        ]
      },
      "locked": {
        "lastModified": 1708737761,
        "narHash": "sha256-sR/1cYjpgr71ZSrt6Kp5Dg4Ul3mo6pZIG400tuzYks8=",
        "owner": "lnl7",
        "repo": "nix-darwin",
        "rev": "bbde06bed1b72eddff063fa42f18644e90a0121e",
        "type": "github"
      },
      "original": {
        "owner": "lnl7",
        "repo": "nix-darwin",
        "type": "github"
      }
    },
    "flake-compat": {
      "flake": false,
      "locked": {
        "lastModified": 1673956053,
        "narHash": "sha256-4gtG9iQuiKITOjNQQeQIpoIB6b16fm+504Ch3sNKLd8=",
        "owner": "edolstra",
        "repo": "flake-compat",
        "rev": "35bb57c0c8d8b62bbfd284272c928ceb64ddbde9",
        "type": "github"
      },
      "original": {
        "owner": "edolstra",
        "repo": "flake-compat",
        "type": "github"
      }
    },
    "flake-utils": {
      "locked": {
        "lastModified": 1681036252,
        "narHash": "sha256-Xi2mpgpKHtOI5m1Zg7XTjn+UU/4kDdoraNUNZG9Btso=",
        "owner": "numtide",
        "repo": "flake-utils",
        "rev": "13faa43c34c0c943585532dacbb457007416d50b",
        "type": "github"
      },
      "original": {
        "owner": "numtide",
        "repo": "flake-utils",
        "rev": "13faa43c34c0c943585532dacbb457007416d50b",
        "type": "github"
      }
    },
    "home-manager": {
      "inputs": {
        "nixpkgs": [
          "nixpkgs"
        ]
      },
      "locked": {
        "lastModified": 1708988456,
        "narHash": "sha256-RCz7Xe64tN2zgWk+MVHkzg224znwqknJ1RnB7rVqUWw=",
        "owner": "nix-community",
        "repo": "home-manager",
        "rev": "1d085ea4444d26aa52297758b333b449b2aa6fca",
        "type": "github"
      },
      "original": {
        "owner": "nix-community",
        "repo": "home-manager",
        "type": "github"
      }
    },
    "home-manager-secrets": {
      "inputs": {
        "flake-utils": [
          "flake-utils"
        ],
        "lefthook": [
          "lefthook"
        ],
        "nixpkgs": [
          "nixpkgs"
        ]
      },
      "locked": {
        "lastModified": 1674402930,
        "narHash": "sha256-eS7zu8/HxNBA0kHIKWOFCjKK114MCXHK7kcstr2bt0Q=",
        "owner": "sudosubin",
        "repo": "home-manager-secrets",
        "rev": "cf19da3f14f9219fb0f69e8376d0b0fdbe4eec57",
        "type": "github"
      },
      "original": {
        "owner": "sudosubin",
        "repo": "home-manager-secrets",
        "type": "github"
      }
    },
    "lefthook": {
      "inputs": {
        "flake-utils": [
          "flake-utils"
        ],
        "nixpkgs": [
          "nixpkgs"
        ]
      },
      "locked": {
        "lastModified": 1674403519,
        "narHash": "sha256-m7wysZrWI2s9MR96ohHk1nJj0C0ljyFG6XtWNdZUbWs=",
        "owner": "sudosubin",
        "repo": "lefthook.nix",
        "rev": "4348333fd806e7526548312f1092875a674e3d6c",
        "type": "github"
      },
      "original": {
        "owner": "sudosubin",
        "repo": "lefthook.nix",
        "type": "github"
      }
    },
    "nix-vscode-extensions": {
      "inputs": {
        "flake-compat": "flake-compat",
        "flake-utils": [
          "flake-utils"
        ],
        "nixpkgs": [
          "nixpkgs"
        ]
      },
      "locked": {
        "lastModified": 1708996412,
        "narHash": "sha256-yOYze2lXgV1HHwoxY2jqPYsMexjkjzTGD/ZclvLCx+4=",
        "owner": "nix-community",
        "repo": "nix-vscode-extensions",
        "rev": "25f8f7227404c0c13fcb54df302fee00b5670999",
        "type": "github"
      },
      "original": {
        "owner": "nix-community",
        "repo": "nix-vscode-extensions",
        "type": "github"
      }
    },
    "nixos-config-private-daangn": {
      "locked": {
        "dir": "daangn",
        "lastModified": 1708400102,
        "narHash": "sha256-PUC80K74g/12xIlpJdLUUjZLB54F1Jv0YSC6BUXCj64=",
        "ref": "main",
        "rev": "891c106a27f480b9dfc3cc6140b608d1d22ad6df",
        "revCount": 84,
        "type": "git",
        "url": "ssh://git@github.com/sudosubin/nixos-config-private?dir=daangn"
      },
      "original": {
        "dir": "daangn",
        "ref": "main",
        "type": "git",
        "url": "ssh://git@github.com/sudosubin/nixos-config-private?dir=daangn"
      }
    },
    "nixos-config-private-sudosubin": {
      "locked": {
        "dir": "sudosubin",
        "lastModified": 1708400102,
        "narHash": "sha256-PUC80K74g/12xIlpJdLUUjZLB54F1Jv0YSC6BUXCj64=",
        "ref": "main",
        "rev": "891c106a27f480b9dfc3cc6140b608d1d22ad6df",
        "revCount": 84,
        "type": "git",
        "url": "ssh://git@github.com/sudosubin/nixos-config-private?dir=sudosubin"
      },
      "original": {
        "dir": "sudosubin",
        "ref": "main",
        "type": "git",
        "url": "ssh://git@github.com/sudosubin/nixos-config-private?dir=sudosubin"
      }
    },
    "nixos-hardware": {
      "locked": {
        "lastModified": 1708594753,
        "narHash": "sha256-c/gH7iXS/IYH9NrFOT+aJqTq+iEBkvAkpWuUHGU3+f0=",
        "owner": "nixos",
        "repo": "nixos-hardware",
        "rev": "3f7d0bca003eac1a1a7f4659bbab9c8f8c2a0958",
        "type": "github"
      },
      "original": {
        "owner": "nixos",
        "repo": "nixos-hardware",
        "type": "github"
      }
    },
    "nixpkgs": {
      "locked": {
        "lastModified": 1708943256,
        "narHash": "sha256-K9VeHrhXsigdhNMZ8hqAk7jtRy4ollqhkYYNZqbfssg=",
        "owner": "nixos",
        "repo": "nixpkgs",
        "rev": "fcea2b6260dd566c28c894b4207a5f2b56c2cba3",
        "type": "github"
      },
      "original": {
        "owner": "nixos",
        "ref": "nixpkgs-unstable",
        "repo": "nixpkgs",
        "type": "github"
      }
    },
    "root": {
      "inputs": {
        "darwin": "darwin",
        "flake-utils": "flake-utils",
        "home-manager": "home-manager",
        "home-manager-secrets": "home-manager-secrets",
        "lefthook": "lefthook",
        "nix-vscode-extensions": "nix-vscode-extensions",
        "nixos-config-private-daangn": "nixos-config-private-daangn",
        "nixos-config-private-sudosubin": "nixos-config-private-sudosubin",
        "nixos-hardware": "nixos-hardware",
        "nixpkgs": "nixpkgs"
      }
    }
  },
  "root": "root",
  "version": 7
}
